github.com/aws/aws-sdk-go-v2 v1.37.0 h1:YtCOESR/pN4j5oA7cVHSfOwIcuh/KwHC4DOSXFbv5F0=
github.com/aws/aws-sdk-go-v2 v1.37.0/go.mod h1:9Q0OoGQoboYIAJyslFyF1f5K1Ryddop8gqMhWx/n4Wg=
github.com/aws/aws-sdk-go-v2/aws/protocol/eventstream v1.7.0 h1:6GMWV6CNpA/6fbFHnoAjrv4+LGfyTqZz2LtCHnspgDg=
github.com/aws/aws-sdk-go-v2/aws/protocol/eventstream v1.7.0/go.mod h1:/mXlTIVG9jbxkqDnr5UQNQxW1HRYxeGklkM9vAFeabg=
github.com/aws/aws-sdk-go-v2/config v1.29.17 h1:jSuiQ5jEe4SAMH6lLRMY9OVC+TqJLP5655pBGjmnjr0=
github.com/aws/aws-sdk-go-v2/config v1.29.17/go.mod h1:9P4wwACpbeXs9Pm9w1QTh6BwWwJjwYvJ1iCt5QbCXh8=
github.com/aws/aws-sdk-go-v2/credentials v1.17.70 h1:ONnH5CM16RTXRkS8Z1qg7/s2eDOhHhaXVd72mmyv4/0=
github.com/aws/aws-sdk-go-v2/credentials v1.17.70/go.mod h1:M+lWhhmomVGgtuPOhO85u4pEa3SmssPTdcYpP/5J/xc=
github.com/aws/aws-sdk-go-v2/feature/ec2/imds v1.16.32 h1:KAXP9JSHO1vKGCr5f4O6WmlVKLFFXgWYAGoJosorxzU=
github.com/aws/aws-sdk-go-v2/feature/ec2/imds v1.16.32/go.mod h1:h4Sg6FQdexC1yYG9RDnOvLbW1a/P986++/Y/a+GyEM8=
github.com/aws/aws-sdk-go-v2/internal/configsources v1.4.0 h1:H2iZoqW/v2Jnrh1FnU725Bq6KJ0k2uP63yH+DcY+HUI=
github.com/aws/aws-sdk-go-v2/internal/configsources v1.4.0/go.mod h1:L0FqLbwMXHvNC/7crWV1iIxUlOKYZUE8KuTIA+TozAI=
github.com/aws/aws-sdk-go-v2/internal/endpoints/v2 v2.7.0 h1:EDped/rNzAhFPhVY0sDGbtD16OKqksfA8OjF/kLEgw8=
github.com/aws/aws-sdk-go-v2/internal/endpoints/v2 v2.7.0/go.mod h1:uUI335jvzpZRPpjYx6ODc/wg1qH+NnoSTK/FwVeK0C0=
github.com/aws/aws-sdk-go-v2/internal/ini v1.8.3 h1:bIqFDwgGXXN1Kpp99pDOdKMTTb5d2KyU5X/BZxjOkRo=
github.com/aws/aws-sdk-go-v2/internal/ini v1.8.3/go.mod h1:H5O/EsxDWyU+LP/V8i5sm8cxoZgc2fdNR9bxlOFrQTo=
github.com/aws/aws-sdk-go-v2/internal/v4a v1.4.0 h1:iLvW/zOkHGU3BDU5thWnj+UZ9pjhuVhv1loLj7yVtBw=
github.com/aws/aws-sdk-go-v2/internal/v4a v1.4.0/go.mod h1:Fn3gvhdF1x5Rs9nUoCy/fJT1ms8f8dO7RqM9lJHuazQ=
github.com/aws/aws-sdk-go-v2/service/internal/accept-encoding v1.13.0 h1:6+lZi2JeGKtCraAj1rpoZfKqnQ9SptseRZioejfUOLM=
github.com/aws/aws-sdk-go-v2/service/internal/accept-encoding v1.13.0/go.mod h1:eb3gfbVIxIoGgJsi9pGne19dhCBpK6opTYpQqAmdy44=
github.com/aws/aws-sdk-go-v2/service/internal/checksum v1.8.0 h1:qGyLBQPphYzUf+IIlb5tHnvg1U2Vc5hXPcP7oRSQfy0=
github.com/aws/aws-sdk-go-v2/service/internal/checksum v1.8.0/go.mod h1:g+dzKSLXiR/8ATkPXmLhPOI6rDdjLP3tngeo3FvDcIw=
github.com/aws/aws-sdk-go-v2/service/internal/presigned-url v1.13.0 h1:eRhU3Sh8dGbaniI6B+I48XJMrTPRkK4DKo+vqIxziOU=
github.com/aws/aws-sdk-go-v2/service/internal/presigned-url v1.13.0/go.mod h1:paNLV18DZ6FnWE/bd06RIKPDIFpjuvCkGKWTG/GDBeM=
github.com/aws/aws-sdk-go-v2/service/internal/s3shared v1.19.0 h1:6jusT+XCcvnD+Elxvm7bUf5sCMTpZEp3AKjYQ4tWJSo=
github.com/aws/aws-sdk-go-v2/service/internal/s3shared v1.19.0/go.mod h1:LimGpdIF/sTBdgqwOEkrArXLCoTamK/9L9x8IKBFTIc=
github.com/aws/aws-sdk-go-v2/service/s3 v1.85.0 h1:gAV4NEp4A+JOrIdoXkAeyy6IOo7+X2s/jRuaHKYiMaU=
github.com/aws/aws-sdk-go-v2/service/s3 v1.85.0/go.mod h1:JIQwK8sZ5MuKGm5rrFwp9MHUcyYEsQNpVixuPDlnwaU=
github.com/aws/aws-sdk-go-v2/service/sso v1.25.5 h1:AIRJ3lfb2w/1/8wOOSqYb9fUKGwQbtysJ2H1MofRUPg=
github.com/aws/aws-sdk-go-v2/service/sso v1.25.5/go.mod h1:b7SiVprpU+iGazDUqvRSLf5XmCdn+JtT1on7uNL6Ipc=
github.com/aws/aws-sdk-go-v2/service/ssooidc v1.30.3 h1:BpOxT3yhLwSJ77qIY3DoHAQjZsc4HEGfMCE4NGy3uFg=
github.com/aws/aws-sdk-go-v2/service/ssooidc v1.30.3/go.mod h1:vq/GQR1gOFLquZMSrxUK/cpvKCNVYibNyJ1m7JrU88E=
github.com/aws/aws-sdk-go-v2/service/sts v1.34.0 h1:NFOJ/NXEGV4Rq//71Hs1jC/NvPs1ezajK+yQmkwnPV0=
github.com/aws/aws-sdk-go-v2/service/sts v1.34.0/go.mod h1:7ph2tGpfQvwzgistp2+zga9f+bCjlQJPkPUmMgDSD7w=
github.com/aws/smithy-go v1.22.5 h1:P9ATCXPMb2mPjYBgueqJNCA5S9UfktsW0tTxi+a7eqw=
github.com/aws/smithy-go v1.22.5/go.mod h1:t1ufH5HMublsJYulve2RKmHDC15xu1f26kHCp/HgceI=
